
Microsoft Visual Studio Solution File, Format Version 12.00
# Visual Studio Version 16
VisualStudioVersion = 16.0.29806.167
MinimumVisualStudioVersion = 10.0.40219.1
Project("{FAE04EC0-301F-11D3-BF4B-00C04F79EFBC}") = "Auth", "Auth\Auth.csproj", "{17C499BC-C07D-44AC-AA2A-08FE8A2F71B1}"
EndProject
Project("{FAE04EC0-301F-11D3-BF4B-00C04F79EFBC}") = "Client", "Client\Client.csproj", "{FEC0B63B-A714-4132-A284-55849DACC8C3}"
EndProject
Global
	GlobalSection(SolutionConfigurationPlatforms) = preSolution
		Debug|Any CPU = Debug|Any CPU
		Release|Any CPU = Release|Any CPU
	EndGlobalSection
	GlobalSection(ProjectConfigurationPlatforms) = postSolution
		{17C499BC-C07D-44AC-AA2A-08FE8A2F71B1}.Debug|Any CPU.ActiveCfg = Debug|Any CPU
		{17C499BC-C07D-44AC-AA2A-08FE8A2F71B1}.Debug|Any CPU.Build.0 = Debug|Any CPU
		{17C499BC-C07D-44AC-AA2A-08FE8A2F71B1}.Release|Any CPU.ActiveCfg = Release|Any CPU
		{17C499BC-C07D-44AC-AA2A-08FE8A2F71B1}.Release|Any CPU.Build.0 = Release|Any CPU
		{FEC0B63B-A714-4132-A284-55849DACC8C3}.Debug|Any CPU.ActiveCfg = Debug|Any CPU
		{FEC0B63B-A714-4132-A284-55849DACC8C3}.Debug|Any CPU.Build.0 = Debug|Any CPU
		{FEC0B63B-A714-4132-A284-55849DACC8C3}.Release|Any CPU.ActiveCfg = Release|Any CPU
		{FEC0B63B-A714-4132-A284-55849DACC8C3}.Release|Any CPU.Build.0 = Release|Any CPU
	EndGlobalSection
	GlobalSection(SolutionProperties) = preSolution
		HideSolutionNode = FALSE
	EndGlobalSection
	GlobalSection(ExtensibilityGlobals) = postSolution
		SolutionGuid = {18ECE1EC-C2BA-4B01-AE26-43D194E0E5F1}
	EndGlobalSection
EndGlobal
